
Microsoft Visual Studio Solution File, Format Version 12.00
# Visual Studio Version 16
VisualStudioVersion = 16.0.30804.86
MinimumVisualStudioVersion = 10.0.40219.1
Project("{FAE04EC0-301F-11D3-BF4B-00C04F79EFBC}") = "projectetst", "projectetst\projectetst.csproj", "{1C900AE9-B7FB-46F2-A7D2-F38D4A41B697}"
EndProject
Global
	GlobalSection(SolutionConfigurationPlatforms) = preSolution
		Debug|Any CPU = Debug|Any CPU
		Release|Any CPU = Release|Any CPU
	EndGlobalSection
	GlobalSection(ProjectConfigurationPlatforms) = postSolution
		{1C900AE9-B7FB-46F2-A7D2-F38D4A41B697}.Debug|Any CPU.ActiveCfg = Debug|Any CPU
		{1C900AE9-B7FB-46F2-A7D2-F38D4A41B697}.Debug|Any CPU.Build.0 = Debug|Any CPU
		{1C900AE9-B7FB-46F2-A7D2-F38D4A41B697}.Release|Any CPU.ActiveCfg = Release|Any CPU
		{1C900AE9-B7FB-46F2-A7D2-F38D4A41B697}.Release|Any CPU.Build.0 = Release|Any CPU
	EndGlobalSection
	GlobalSection(SolutionProperties) = preSolution
		HideSolutionNode = FALSE
	EndGlobalSection
	GlobalSection(ExtensibilityGlobals) = postSolution
		SolutionGuid = {97C40215-0B78-463C-A287-5372DFA277FB}
	EndGlobalSection
EndGlobal
